
Microsoft Visual Studio Solution File, Format Version 12.00
# Visual Studio Version 17
VisualStudioVersion = 17.6.33723.286
MinimumVisualStudioVersion = 10.0.40219.1
Project("{FAE04EC0-301F-11D3-BF4B-00C04F79EFBC}") = "CurrencyExchange", "CurrencyExchange\CurrencyExchange.csproj", "{87A9499C-4CB2-4079-8DBC-9E2E76A2FBDF}"
EndProject
Global
	GlobalSection(SolutionConfigurationPlatforms) = preSolution
		Debug|Any CPU = Debug|Any CPU
		Release|Any CPU = Release|Any CPU
	EndGlobalSection
	GlobalSection(ProjectConfigurationPlatforms) = postSolution
		{87A9499C-4CB2-4079-8DBC-9E2E76A2FBDF}.Debug|Any CPU.ActiveCfg = Debug|Any CPU
		{87A9499C-4CB2-4079-8DBC-9E2E76A2FBDF}.Debug|Any CPU.Build.0 = Debug|Any CPU
		{87A9499C-4CB2-4079-8DBC-9E2E76A2FBDF}.Release|Any CPU.ActiveCfg = Release|Any CPU
		{87A9499C-4CB2-4079-8DBC-9E2E76A2FBDF}.Release|Any CPU.Build.0 = Release|Any CPU
	EndGlobalSection
	GlobalSection(SolutionProperties) = preSolution
		HideSolutionNode = FALSE
	EndGlobalSection
	GlobalSection(ExtensibilityGlobals) = postSolution
		SolutionGuid = {B20CBB87-DCF5-4023-A36C-8C3E2EC33C54}
	EndGlobalSection
EndGlobal
